# Lockfile v4
# This file is automatically generated by Wapm.
# It is not intended for manual editing. The schema of this file may change.
[modules."_/cowsay"."0.2.0".cowsay]
name = "cowsay"
package_version = "0.2.0"
package_name = "_/cowsay"
package_path = "_/cowsay@0.2.0"
resolved = "https://registry-cdn.wapm.io/packages/_/cowsay/cowsay-0.2.0.tar.gz"
resolved_source = "registry+cowsay"
abi = "wasi"
source = "target/wasm32-wasi/release/cowsay.wasm"
[commands.cowsay]
name = "cowsay"
package_name = "_/cowsay"
package_version = "0.2.0"
module = "cowsay"
is_top_level_dependency = true

[commands.cowthink]
name = "cowthink"
package_name = "_/cowsay"
package_version = "0.2.0"
module = "cowsay"
is_top_level_dependency = true
