{
  "requires": true,
  "lockfileVersion": 1,
  "dependencies": {
    "@assemblyscript/loader": {
      "version": "0.16.1",
      "resolved": "https://registry.npmjs.org/@assemblyscript/loader/-/loader-0.16.1.tgz",
      "integrity": "sha512-fx6wEDH/NgvNYYrkGZnHaguFa73KUD2Pt42UCIlWNumHr9Vp2gnKH2+neOKNlTBFVrwIrMs9KlUYqDC6v/kh1A=="
    },
    "as-wasi": {
      "version": "0.3.0",
      "resolved": "https://registry.npmjs.org/as-wasi/-/as-wasi-0.3.0.tgz",
      "integrity": "sha512-LNbWLdi5LjqZDQwDHvmrracopOivGhpz0VP5YoVA6rZwmRLwY88zEZTa2b04YXVD0rzdPApTr9TguOwM7yC0dg=="
    },
    "assemblyscript": {
      "version": "0.16.1",
      "resolved": "https://registry.npmjs.org/assemblyscript/-/assemblyscript-0.16.1.tgz",
      "integrity": "sha512-btb/Q2cs42O7NaVRLDpUIb4fF+o4H4id0kjOOOzS25KCOx0voiyGBeWYqfnrOeufMQacvDNqGkjJuGkdTJIrQQ==",
      "dev": true,
      "requires": {
        "binaryen": "97.0.0-nightly.20201008",
        "long": "^4.0.0"
      }
    },
    "binaryen": {
      "version": "97.0.0-nightly.20201008",
      "resolved": "https://registry.npmjs.org/binaryen/-/binaryen-97.0.0-nightly.20201008.tgz",
      "integrity": "sha512-GWV30FOQqz+vBIZRbc7GSasLNhh8BNLKH+2u2j5BjqM0WOEqqaP5iSj0mq72We2aVYqpBajJPI/CORY6o2RBxA==",
      "dev": true
    },
    "long": {
      "version": "4.0.0",
      "resolved": "https://registry.npmjs.org/long/-/long-4.0.0.tgz",
      "integrity": "sha512-XsP+KhQif4bjX1kbuSiySJFNAehNxgLb6hPRGJ9QsUr8ajHkuXGdrHmFUTUUXhDwVX2R5bY4JNZEwbUiMhV+MA==",
      "dev": true
    }
  }
}
